
Microsoft Visual Studio Solution File, Format Version 12.00
# Visual Studio Version 17
VisualStudioVersion = 17.3.32825.248
MinimumVisualStudioVersion = 10.0.40219.1
Project("{9A19103F-16F7-4668-BE54-9A1E7A4F7556}") = "Assessment", "Assessment.csproj", "{7C5CA70A-FFE0-4C7F-9E73-3DB79ABF2EBC}"
EndProject
Project("{FAE04EC0-301F-11D3-BF4B-00C04F79EFBC}") = "BusinessAccessLayer", "..\BusinessAccessLayer\BusinessAccessLayer.csproj", "{64E98BFD-931B-4801-A4EC-4BBD66BB03ED}"
EndProject
Project("{FAE04EC0-301F-11D3-BF4B-00C04F79EFBC}") = "DataAccessLayer", "..\DataAccessLayer\DataAccessLayer.csproj", "{AC0532FF-6827-419F-ABD7-7D8E97B1C613}"
EndProject
Global
	GlobalSection(SolutionConfigurationPlatforms) = preSolution
		Debug|Any CPU = Debug|Any CPU
		Release|Any CPU = Release|Any CPU
	EndGlobalSection
	GlobalSection(ProjectConfigurationPlatforms) = postSolution
		{7C5CA70A-FFE0-4C7F-9E73-3DB79ABF2EBC}.Debug|Any CPU.ActiveCfg = Debug|Any CPU
		{7C5CA70A-FFE0-4C7F-9E73-3DB79ABF2EBC}.Debug|Any CPU.Build.0 = Debug|Any CPU
		{7C5CA70A-FFE0-4C7F-9E73-3DB79ABF2EBC}.Release|Any CPU.ActiveCfg = Release|Any CPU
		{7C5CA70A-FFE0-4C7F-9E73-3DB79ABF2EBC}.Release|Any CPU.Build.0 = Release|Any CPU
		{64E98BFD-931B-4801-A4EC-4BBD66BB03ED}.Debug|Any CPU.ActiveCfg = Debug|Any CPU
		{64E98BFD-931B-4801-A4EC-4BBD66BB03ED}.Debug|Any CPU.Build.0 = Debug|Any CPU
		{64E98BFD-931B-4801-A4EC-4BBD66BB03ED}.Release|Any CPU.ActiveCfg = Release|Any CPU
		{64E98BFD-931B-4801-A4EC-4BBD66BB03ED}.Release|Any CPU.Build.0 = Release|Any CPU
		{AC0532FF-6827-419F-ABD7-7D8E97B1C613}.Debug|Any CPU.ActiveCfg = Debug|Any CPU
		{AC0532FF-6827-419F-ABD7-7D8E97B1C613}.Debug|Any CPU.Build.0 = Debug|Any CPU
		{AC0532FF-6827-419F-ABD7-7D8E97B1C613}.Release|Any CPU.ActiveCfg = Release|Any CPU
		{AC0532FF-6827-419F-ABD7-7D8E97B1C613}.Release|Any CPU.Build.0 = Release|Any CPU
	EndGlobalSection
	GlobalSection(SolutionProperties) = preSolution
		HideSolutionNode = FALSE
	EndGlobalSection
	GlobalSection(ExtensibilityGlobals) = postSolution
		SolutionGuid = {8D167547-0E23-4F48-9426-32198EDB32BC}
	EndGlobalSection
EndGlobal
